
Microsoft Visual Studio Solution File, Format Version 12.00
# Visual Studio Version 17
VisualStudioVersion = 17.11.35222.181
MinimumVisualStudioVersion = 10.0.40219.1
Project("{FAE04EC0-301F-11D3-BF4B-00C04F79EFBC}") = "ListaLigada.Logica", "ListaLigada.Logica\ListaLigada.Logica.csproj", "{425636F4-E6F2-40B5-8989-25FE1CD12E38}"
EndProject
Project("{FAE04EC0-301F-11D3-BF4B-00C04F79EFBC}") = "ListaLigada.UI.Consola", "ListaLigada.UI.Consola\ListaLigada.UI.Consola.csproj", "{CDBA5032-B7EF-40E4-B5C3-18AF923C71F4}"
EndProject
Global
	GlobalSection(SolutionConfigurationPlatforms) = preSolution
		Debug|Any CPU = Debug|Any CPU
		Release|Any CPU = Release|Any CPU
	EndGlobalSection
	GlobalSection(ProjectConfigurationPlatforms) = postSolution
		{425636F4-E6F2-40B5-8989-25FE1CD12E38}.Debug|Any CPU.ActiveCfg = Debug|Any CPU
		{425636F4-E6F2-40B5-8989-25FE1CD12E38}.Debug|Any CPU.Build.0 = Debug|Any CPU
		{425636F4-E6F2-40B5-8989-25FE1CD12E38}.Release|Any CPU.ActiveCfg = Release|Any CPU
		{425636F4-E6F2-40B5-8989-25FE1CD12E38}.Release|Any CPU.Build.0 = Release|Any CPU
		{CDBA5032-B7EF-40E4-B5C3-18AF923C71F4}.Debug|Any CPU.ActiveCfg = Debug|Any CPU
		{CDBA5032-B7EF-40E4-B5C3-18AF923C71F4}.Debug|Any CPU.Build.0 = Debug|Any CPU
		{CDBA5032-B7EF-40E4-B5C3-18AF923C71F4}.Release|Any CPU.ActiveCfg = Release|Any CPU
		{CDBA5032-B7EF-40E4-B5C3-18AF923C71F4}.Release|Any CPU.Build.0 = Release|Any CPU
	EndGlobalSection
	GlobalSection(SolutionProperties) = preSolution
		HideSolutionNode = FALSE
	EndGlobalSection
	GlobalSection(ExtensibilityGlobals) = postSolution
		SolutionGuid = {78D924EF-97F9-4C3C-8A3E-19B3BAE1BDA5}
	EndGlobalSection
EndGlobal
